
Microsoft Visual Studio Solution File, Format Version 12.00
# Visual Studio 15
VisualStudioVersion = 15.0.27703.2035
MinimumVisualStudioVersion = 10.0.40219.1
Project("{9A19103F-16F7-4668-BE54-9A1E7A4F7556}") = "ExpressionSolver", "ExpressionSolver\ExpressionSolver.csproj", "{79236E57-CAAA-418A-9FCC-B3E07A946791}"
EndProject
Project("{FAE04EC0-301F-11D3-BF4B-00C04F79EFBC}") = "ExpressionSolverExample", "ExpressionSolverExample\ExpressionSolverExample.csproj", "{9921CAD8-8252-46BD-A200-14409F3147C8}"
EndProject
Project("{FAE04EC0-301F-11D3-BF4B-00C04F79EFBC}") = "ExpressionSolverUnitTest", "ExpressionSolverUnitTest\ExpressionSolverUnitTest.csproj", "{181A0B04-6981-4039-8915-9F4899E4BBD7}"
EndProject
Global
	GlobalSection(SolutionConfigurationPlatforms) = preSolution
		Debug|Any CPU = Debug|Any CPU
		Release|Any CPU = Release|Any CPU
	EndGlobalSection
	GlobalSection(ProjectConfigurationPlatforms) = postSolution
		{79236E57-CAAA-418A-9FCC-B3E07A946791}.Debug|Any CPU.ActiveCfg = Debug|Any CPU
		{79236E57-CAAA-418A-9FCC-B3E07A946791}.Debug|Any CPU.Build.0 = Debug|Any CPU
		{79236E57-CAAA-418A-9FCC-B3E07A946791}.Release|Any CPU.ActiveCfg = Release|Any CPU
		{79236E57-CAAA-418A-9FCC-B3E07A946791}.Release|Any CPU.Build.0 = Release|Any CPU
		{9921CAD8-8252-46BD-A200-14409F3147C8}.Debug|Any CPU.ActiveCfg = Debug|Any CPU
		{9921CAD8-8252-46BD-A200-14409F3147C8}.Debug|Any CPU.Build.0 = Debug|Any CPU
		{9921CAD8-8252-46BD-A200-14409F3147C8}.Release|Any CPU.ActiveCfg = Release|Any CPU
		{9921CAD8-8252-46BD-A200-14409F3147C8}.Release|Any CPU.Build.0 = Release|Any CPU
		{181A0B04-6981-4039-8915-9F4899E4BBD7}.Debug|Any CPU.ActiveCfg = Debug|Any CPU
		{181A0B04-6981-4039-8915-9F4899E4BBD7}.Debug|Any CPU.Build.0 = Debug|Any CPU
		{181A0B04-6981-4039-8915-9F4899E4BBD7}.Release|Any CPU.ActiveCfg = Release|Any CPU
		{181A0B04-6981-4039-8915-9F4899E4BBD7}.Release|Any CPU.Build.0 = Release|Any CPU
	EndGlobalSection
	GlobalSection(SolutionProperties) = preSolution
		HideSolutionNode = FALSE
	EndGlobalSection
	GlobalSection(ExtensibilityGlobals) = postSolution
		SolutionGuid = {7AE66BCE-A1F3-4984-9DA5-E45ED77B5BCF}
	EndGlobalSection
EndGlobal
